<?xml version="1.0" encoding="utf-8"?>
<Project ToolsVersion="4.0" xmlns="http://schemas.microsoft.com/developer/msbuild/2003">
  <ItemGroup>
    <Filter Include="Source Files">
      <UniqueIdentifier>{4FC737F1-C7A5-4376-A066-2A32D752A2FF}</UniqueIdentifier>
      <Extensions>cpp;c;cc;cxx;c++;cppm;ixx;def;odl;idl;hpj;bat;asm;asmx</Extensions>
    </Filter>
    <Filter Include="Header Files">
      <UniqueIdentifier>{93995380-89BD-4b04-88EB-625FBE52EBFB}</UniqueIdentifier>
      <Extensions>h;hh;hpp;hxx;h++;hm;inl;inc;ipp;xsd</Extensions>
    </Filter>
    <Filter Include="Resource Files">
      <UniqueIdentifier>{67DA6AB6-F800-4c08-8B7A-83BB121AAD01}</UniqueIdentifier>
      <Extensions>rc;ico;cur;bmp;dlg;rc2;rct;bin;rgs;gif;jpg;jpeg;jpe;resx;tiff;tif;png;wav;mfcribbon-ms</Extensions>
    </Filter>
    <Filter Include="ofec_src">
      <UniqueIdentifier>{674918e1-6349-45fe-8b90-91388d988412}</UniqueIdentifier>
    </Filter>
    <Filter Include="ofec_src\core">
      <UniqueIdentifier>{ca20960f-901c-4772-9a86-eac62151dd4f}</UniqueIdentifier>
    </Filter>
    <Filter Include="ofec_src\core\algorithm">
      <UniqueIdentifier>{3f6f760b-ee92-4d72-82b2-efd61065bb04}</UniqueIdentifier>
    </Filter>
    <Filter Include="ofec_src\core\environment">
      <UniqueIdentifier>{1bdffffe-34f7-4253-ae75-49bda274bde3}</UniqueIdentifier>
    </Filter>
    <Filter Include="ofec_src\core\parameter">
      <UniqueIdentifier>{b63bb533-8a88-40e2-9a9e-8a5b98584fe5}</UniqueIdentifier>
    </Filter>
    <Filter Include="ofec_src\core\problem">
      <UniqueIdentifier>{37989ced-aedb-4dcb-873f-a5fdfe3a1c31}</UniqueIdentifier>
    </Filter>
    <Filter Include="ofec_src\core\problem\continuous">
      <UniqueIdentifier>{82465ffb-f185-45c4-afa7-45a5c99f6229}</UniqueIdentifier>
    </Filter>
    <Filter Include="ofec_src\core\random">
      <UniqueIdentifier>{66a95e65-8947-4cf0-bc11-d8715745177d}</UniqueIdentifier>
    </Filter>
    <Filter Include="ofec_src\instance">
      <UniqueIdentifier>{5cbcec6a-73c3-4135-81a4-b0eefbd276e9}</UniqueIdentifier>
    </Filter>
    <Filter Include="ofec_src\instance\problem">
      <UniqueIdentifier>{7d4c96b7-a331-44ce-8139-651167a8d199}</UniqueIdentifier>
    </Filter>
    <Filter Include="ofec_src\instance\problem\continuous">
      <UniqueIdentifier>{220f8471-fbec-42df-bd2b-7f36f9645d99}</UniqueIdentifier>
    </Filter>
    <Filter Include="ofec_src\instance\problem\continuous\free_peaks">
      <UniqueIdentifier>{267f0da2-d01c-4d33-9e47-694728750445}</UniqueIdentifier>
    </Filter>
    <Filter Include="ofec_src\instance\problem\continuous\free_peaks\subproblem">
      <UniqueIdentifier>{09650f47-3512-4da0-b170-e90a603cf4e5}</UniqueIdentifier>
    </Filter>
    <Filter Include="ofec_src\instance\problem\continuous\free_peaks\subproblem\constraint">
      <UniqueIdentifier>{23b30fd4-1e2d-4855-b32e-f6c2bf5e125d}</UniqueIdentifier>
    </Filter>
    <Filter Include="ofec_src\instance\problem\continuous\free_peaks\subproblem\distance">
      <UniqueIdentifier>{0b0dfc77-04df-4808-a1b7-70865ecdbe44}</UniqueIdentifier>
    </Filter>
    <Filter Include="ofec_src\instance\problem\continuous\free_peaks\subproblem\transform">
      <UniqueIdentifier>{ab846384-96df-456d-a680-314b46cd9235}</UniqueIdentifier>
    </Filter>
    <Filter Include="ofec_src\instance\problem\continuous\free_peaks\subproblem\transform\transform_x">
      <UniqueIdentifier>{fd347af4-fe51-433d-9fe6-47025417c056}</UniqueIdentifier>
    </Filter>
    <Filter Include="ofec_src\instance\problem\continuous\free_peaks\subproblem\transform\transform_y">
      <UniqueIdentifier>{0f33ba9e-8acd-463b-9848-c9c5e4d3c666}</UniqueIdentifier>
    </Filter>
    <Filter Include="ofec_src\instance\problem\continuous\free_peaks\subproblem\function">
      <UniqueIdentifier>{ee501255-99b5-4ed1-bc34-6d482bb8c3a5}</UniqueIdentifier>
    </Filter>
    <Filter Include="ofec_src\instance\problem\continuous\free_peaks\subproblem\function\one_peak">
      <UniqueIdentifier>{a21fe303-41cc-4c50-abdf-e2d42c3fd0d6}</UniqueIdentifier>
    </Filter>
    <Filter Include="ofec_src\run">
      <UniqueIdentifier>{d6e46ac3-f863-4a1f-9205-d4f264bf2810}</UniqueIdentifier>
    </Filter>
    <Filter Include="ofec_src\utility">
      <UniqueIdentifier>{1740b6f8-39e8-4781-ba24-f16d5d5c203a}</UniqueIdentifier>
    </Filter>
    <Filter Include="ofec_src\utility\kd-tree">
      <UniqueIdentifier>{887376e6-385f-4892-8427-86e5fe12a450}</UniqueIdentifier>
    </Filter>
    <Filter Include="ofec_src\utility\linear_algebra">
      <UniqueIdentifier>{a29236ef-e61a-4de4-9aaa-da7b771b10c2}</UniqueIdentifier>
    </Filter>
    <Filter Include="ofec_src\utility\nondominated_sorting">
      <UniqueIdentifier>{7362e864-2c4b-44a8-8583-50a7d4588348}</UniqueIdentifier>
    </Filter>
    <Filter Include="ofec_src\instance\problem\continuous\free_peaks\subproblem\change">
      <UniqueIdentifier>{d6d9b1a9-56a1-494e-9359-45b65351826b}</UniqueIdentifier>
    </Filter>
  </ItemGroup>
  <ItemGroup>
    <ClInclude Include="..\..\Sourcecode\freepeak_ofec\core\datum_base.h">
      <Filter>ofec_src\core</Filter>
    </ClInclude>
    <ClInclude Include="..\..\Sourcecode\freepeak_ofec\core\definition.h">
      <Filter>ofec_src\core</Filter>
    </ClInclude>
    <ClInclude Include="..\..\Sourcecode\freepeak_ofec\core\enable_shared_ptr.h">
      <Filter>ofec_src\core</Filter>
    </ClInclude>
    <ClInclude Include="..\..\Sourcecode\freepeak_ofec\core\exception.h">
      <Filter>ofec_src\core</Filter>
    </ClInclude>
    <ClInclude Include="..\..\Sourcecode\freepeak_ofec\core\global.h">
      <Filter>ofec_src\core</Filter>
    </ClInclude>
    <ClInclude Include="..\..\Sourcecode\freepeak_ofec\core\instance.h">
      <Filter>ofec_src\core</Filter>
    </ClInclude>
    <ClInclude Include="..\..\Sourcecode\freepeak_ofec\core\algorithm\algorithm.h">
      <Filter>ofec_src\core\algorithm</Filter>
    </ClInclude>
    <ClInclude Include="..\..\Sourcecode\freepeak_ofec\core\algorithm\multi_population.h">
      <Filter>ofec_src\core\algorithm</Filter>
    </ClInclude>
    <ClInclude Include="..\..\Sourcecode\freepeak_ofec\core\algorithm\population.h">
      <Filter>ofec_src\core\algorithm</Filter>
    </ClInclude>
    <ClInclude Include="..\..\Sourcecode\freepeak_ofec\core\algorithm\termination.h">
      <Filter>ofec_src\core\algorithm</Filter>
    </ClInclude>
    <ClInclude Include="..\..\Sourcecode\freepeak_ofec\core\environment\environment.h">
      <Filter>ofec_src\core\environment</Filter>
    </ClInclude>
    <ClInclude Include="..\..\Sourcecode\freepeak_ofec\core\parameter\input_parameter_map.h">
      <Filter>ofec_src\core\parameter</Filter>
    </ClInclude>
    <ClInclude Include="..\..\Sourcecode\freepeak_ofec\core\parameter\parameter_map.h">
      <Filter>ofec_src\core\parameter</Filter>
    </ClInclude>
    <ClInclude Include="..\..\Sourcecode\freepeak_ofec\core\parameter\parameter_variant.h">
      <Filter>ofec_src\core\parameter</Filter>
    </ClInclude>
    <ClInclude Include="..\..\Sourcecode\freepeak_ofec\core\parameter\variants_to_stream.h">
      <Filter>ofec_src\core\parameter</Filter>
    </ClInclude>
    <ClInclude Include="..\..\Sourcecode\freepeak_ofec\core\problem\domain.h">
      <Filter>ofec_src\core\problem</Filter>
    </ClInclude>
    <ClInclude Include="..\..\Sourcecode\freepeak_ofec\core\problem\encoding.h">
      <Filter>ofec_src\core\problem</Filter>
    </ClInclude>
    <ClInclude Include="..\..\Sourcecode\freepeak_ofec\core\problem\optima.h">
      <Filter>ofec_src\core\problem</Filter>
    </ClInclude>
    <ClInclude Include="..\..\Sourcecode\freepeak_ofec\core\problem\problem.h">
      <Filter>ofec_src\core\problem</Filter>
    </ClInclude>
    <ClInclude Include="..\..\Sourcecode\freepeak_ofec\core\problem\solution.h">
      <Filter>ofec_src\core\problem</Filter>
    </ClInclude>
    <ClInclude Include="..\..\Sourcecode\freepeak_ofec\core\problem\continuous\continuous.h">
      <Filter>ofec_src\core\problem\continuous</Filter>
    </ClInclude>
    <ClInclude Include="..\..\Sourcecode\freepeak_ofec\core\random\extreal.h">
      <Filter>ofec_src\core\random</Filter>
    </ClInclude>
    <ClInclude Include="..\..\Sourcecode\freepeak_ofec\core\random\newran.h">
      <Filter>ofec_src\core\random</Filter>
    </ClInclude>
    <ClInclude Include="..\..\Sourcecode\freepeak_ofec\instance\problem\continuous\init_pop_bounded.h">
      <Filter>ofec_src\instance\problem\continuous</Filter>
    </ClInclude>
    <ClInclude Include="..\..\Sourcecode\freepeak_ofec\instance\problem\continuous\free_peaks\factory.h">
      <Filter>ofec_src\instance\problem\continuous\free_peaks</Filter>
    </ClInclude>
    <ClInclude Include="..\..\Sourcecode\freepeak_ofec\instance\problem\continuous\free_peaks\free_peaks.h">
      <Filter>ofec_src\instance\problem\continuous\free_peaks</Filter>
    </ClInclude>
    <ClInclude Include="..\..\Sourcecode\freepeak_ofec\instance\problem\continuous\free_peaks\free_peaks_init_pop_bound.h">
      <Filter>ofec_src\instance\problem\continuous\free_peaks</Filter>
    </ClInclude>
    <ClInclude Include="..\..\Sourcecode\freepeak_ofec\instance\problem\continuous\free_peaks\free_peaks_init_pop_imbalance.h">
      <Filter>ofec_src\instance\problem\continuous\free_peaks</Filter>
    </ClInclude>
    <ClInclude Include="..\..\Sourcecode\freepeak_ofec\instance\problem\continuous\free_peaks\param_creator.h">
      <Filter>ofec_src\instance\problem\continuous\free_peaks</Filter>
    </ClInclude>
    <ClInclude Include="..\..\Sourcecode\freepeak_ofec\instance\problem\continuous\free_peaks\subspace_kdtree.h">
      <Filter>ofec_src\instance\problem\continuous\free_peaks</Filter>
    </ClInclude>
    <ClInclude Include="..\..\Sourcecode\freepeak_ofec\instance\problem\continuous\free_peaks\subproblem\subproblem.h">
      <Filter>ofec_src\instance\problem\continuous\free_peaks\subproblem</Filter>
    </ClInclude>
    <ClInclude Include="..\..\Sourcecode\freepeak_ofec\instance\problem\continuous\free_peaks\subproblem\constraint\constraint_base.h">
      <Filter>ofec_src\instance\problem\continuous\free_peaks\subproblem\constraint</Filter>
    </ClInclude>
    <ClInclude Include="..\..\Sourcecode\freepeak_ofec\instance\problem\continuous\free_peaks\subproblem\constraint\register_constraint.h">
      <Filter>ofec_src\instance\problem\continuous\free_peaks\subproblem\constraint</Filter>
    </ClInclude>
    <ClInclude Include="..\..\Sourcecode\freepeak_ofec\instance\problem\continuous\free_peaks\subproblem\distance\distance_base.h">
      <Filter>ofec_src\instance\problem\continuous\free_peaks\subproblem\distance</Filter>
    </ClInclude>
    <ClInclude Include="..\..\Sourcecode\freepeak_ofec\instance\problem\continuous\free_peaks\subproblem\distance\euclidean_distance.h">
      <Filter>ofec_src\instance\problem\continuous\free_peaks\subproblem\distance</Filter>
    </ClInclude>
    <ClInclude Include="..\..\Sourcecode\freepeak_ofec\instance\problem\continuous\free_peaks\subproblem\distance\flat_border.h">
      <Filter>ofec_src\instance\problem\continuous\free_peaks\subproblem\distance</Filter>
    </ClInclude>
    <ClInclude Include="..\..\Sourcecode\freepeak_ofec\instance\problem\continuous\free_peaks\subproblem\distance\register_distance.h">
      <Filter>ofec_src\instance\problem\continuous\free_peaks\subproblem\distance</Filter>
    </ClInclude>
    <ClInclude Include="..\..\Sourcecode\freepeak_ofec\instance\problem\continuous\free_peaks\subproblem\transform\transform_base.h">
      <Filter>ofec_src\instance\problem\continuous\free_peaks\subproblem\transform</Filter>
    </ClInclude>
    <ClInclude Include="..\..\Sourcecode\freepeak_ofec\instance\problem\continuous\free_peaks\subproblem\function\function_base.h">
      <Filter>ofec_src\instance\problem\continuous\free_peaks\subproblem\function</Filter>
    </ClInclude>
    <ClInclude Include="..\..\Sourcecode\freepeak_ofec\instance\problem\continuous\free_peaks\subproblem\function\one_peak_function.h">
      <Filter>ofec_src\instance\problem\continuous\free_peaks\subproblem\function</Filter>
    </ClInclude>
    <ClInclude Include="..\..\Sourcecode\freepeak_ofec\instance\problem\continuous\free_peaks\subproblem\function\register_function.h">
      <Filter>ofec_src\instance\problem\continuous\free_peaks\subproblem\function</Filter>
    </ClInclude>
    <ClInclude Include="..\..\Sourcecode\freepeak_ofec\instance\problem\continuous\free_peaks\subproblem\function\one_peak\one_peak_base.h">
      <Filter>ofec_src\instance\problem\continuous\free_peaks\subproblem\function\one_peak</Filter>
    </ClInclude>
    <ClInclude Include="..\..\Sourcecode\freepeak_ofec\instance\problem\continuous\free_peaks\subproblem\function\one_peak\one_peak_s1.h">
      <Filter>ofec_src\instance\problem\continuous\free_peaks\subproblem\function\one_peak</Filter>
    </ClInclude>
    <ClInclude Include="..\..\Sourcecode\freepeak_ofec\instance\problem\continuous\free_peaks\subproblem\function\one_peak\one_peak_s2.h">
      <Filter>ofec_src\instance\problem\continuous\free_peaks\subproblem\function\one_peak</Filter>
    </ClInclude>
    <ClInclude Include="..\..\Sourcecode\freepeak_ofec\instance\problem\continuous\free_peaks\subproblem\function\one_peak\one_peak_s3.h">
      <Filter>ofec_src\instance\problem\continuous\free_peaks\subproblem\function\one_peak</Filter>
    </ClInclude>
    <ClInclude Include="..\..\Sourcecode\freepeak_ofec\instance\problem\continuous\free_peaks\subproblem\function\one_peak\one_peak_s4.h">
      <Filter>ofec_src\instance\problem\continuous\free_peaks\subproblem\function\one_peak</Filter>
    </ClInclude>
    <ClInclude Include="..\..\Sourcecode\freepeak_ofec\instance\problem\continuous\free_peaks\subproblem\function\one_peak\one_peak_s5.h">
      <Filter>ofec_src\instance\problem\continuous\free_peaks\subproblem\function\one_peak</Filter>
    </ClInclude>
    <ClInclude Include="..\..\Sourcecode\freepeak_ofec\instance\problem\continuous\free_peaks\subproblem\function\one_peak\one_peak_s6.h">
      <Filter>ofec_src\instance\problem\continuous\free_peaks\subproblem\function\one_peak</Filter>
    </ClInclude>
    <ClInclude Include="..\..\Sourcecode\freepeak_ofec\instance\problem\continuous\free_peaks\subproblem\function\one_peak\one_peak_s7.h">
      <Filter>ofec_src\instance\problem\continuous\free_peaks\subproblem\function\one_peak</Filter>
    </ClInclude>
    <ClInclude Include="..\..\Sourcecode\freepeak_ofec\instance\problem\continuous\free_peaks\subproblem\function\one_peak\one_peak_s8.h">
      <Filter>ofec_src\instance\problem\continuous\free_peaks\subproblem\function\one_peak</Filter>
    </ClInclude>
    <ClInclude Include="..\..\Sourcecode\freepeak_ofec\instance\problem\continuous\free_peaks\subproblem\function\one_peak\one_peak_s9.h">
      <Filter>ofec_src\instance\problem\continuous\free_peaks\subproblem\function\one_peak</Filter>
    </ClInclude>
    <ClInclude Include="..\..\Sourcecode\freepeak_ofec\instance\problem\continuous\free_peaks\subproblem\function\one_peak\one_peak_s10.h">
      <Filter>ofec_src\instance\problem\continuous\free_peaks\subproblem\function\one_peak</Filter>
    </ClInclude>
    <ClInclude Include="..\..\Sourcecode\freepeak_ofec\instance\problem\continuous\free_peaks\subproblem\function\one_peak\register_one_peak.h">
      <Filter>ofec_src\instance\problem\continuous\free_peaks\subproblem\function\one_peak</Filter>
    </ClInclude>
    <ClInclude Include="..\..\Sourcecode\freepeak_ofec\run\custom_method.hpp">
      <Filter>ofec_src\run</Filter>
    </ClInclude>
    <ClInclude Include="..\..\Sourcecode\freepeak_ofec\run\factory.h">
      <Filter>ofec_src\run</Filter>
    </ClInclude>
    <ClInclude Include="..\..\Sourcecode\freepeak_ofec\run\interface.h">
      <Filter>ofec_src\run</Filter>
    </ClInclude>
    <ClInclude Include="..\..\Sourcecode\freepeak_ofec\utility\functional.h">
      <Filter>ofec_src\utility</Filter>
    </ClInclude>
    <ClInclude Include="..\..\Sourcecode\freepeak_ofec\utility\kd-tree\kdtree_space.h">
      <Filter>ofec_src\utility\kd-tree</Filter>
    </ClInclude>
    <ClInclude Include="..\..\Sourcecode\freepeak_ofec\utility\kd-tree\pool_allocator.h">
      <Filter>ofec_src\utility\kd-tree</Filter>
    </ClInclude>
    <ClInclude Include="..\..\Sourcecode\freepeak_ofec\utility\linear_algebra\matrix.h">
      <Filter>ofec_src\utility\linear_algebra</Filter>
    </ClInclude>
    <ClInclude Include="..\..\Sourcecode\freepeak_ofec\utility\linear_algebra\vector.h">
      <Filter>ofec_src\utility\linear_algebra</Filter>
    </ClInclude>
    <ClInclude Include="..\..\Sourcecode\freepeak_ofec\utility\nondominated_sorting\filter_sort.h">
      <Filter>ofec_src\utility\nondominated_sorting</Filter>
    </ClInclude>
    <ClInclude Include="resource.h">
      <Filter>Header Files</Filter>
    </ClInclude>
    <ClInclude Include="..\..\Sourcecode\freepeak_ofec\instance\problem\continuous\free_peaks\subproblem\change\change_base.h">
      <Filter>ofec_src\instance\problem\continuous\free_peaks\subproblem\change</Filter>
    </ClInclude>
    <ClInclude Include="..\..\Sourcecode\freepeak_ofec\instance\problem\continuous\free_peaks\subproblem\function\one_peak_Weierstrass_rugeness.h">
      <Filter>ofec_src\instance\problem\continuous\free_peaks\subproblem\function</Filter>
    </ClInclude>
    <ClInclude Include="..\..\Sourcecode\freepeak_ofec\instance\problem\continuous\free_peaks\subproblem\transform\transform_x\map_x_assymetrix.h">
      <Filter>ofec_src\instance\problem\continuous\free_peaks\subproblem\transform\transform_x</Filter>
    </ClInclude>
    <ClInclude Include="..\..\Sourcecode\freepeak_ofec\instance\problem\continuous\free_peaks\subproblem\transform\transform_x\map_x_base.h">
      <Filter>ofec_src\instance\problem\continuous\free_peaks\subproblem\transform\transform_x</Filter>
    </ClInclude>
    <ClInclude Include="..\..\Sourcecode\freepeak_ofec\instance\problem\continuous\free_peaks\subproblem\transform\transform_x\map_x_ill_conditioning.h">
      <Filter>ofec_src\instance\problem\continuous\free_peaks\subproblem\transform\transform_x</Filter>
    </ClInclude>
    <ClInclude Include="..\..\Sourcecode\freepeak_ofec\instance\problem\continuous\free_peaks\subproblem\transform\transform_x\map_x_irregularities.h">
      <Filter>ofec_src\instance\problem\continuous\free_peaks\subproblem\transform\transform_x</Filter>
    </ClInclude>
    <ClInclude Include="..\..\Sourcecode\freepeak_ofec\instance\problem\continuous\free_peaks\subproblem\transform\transform_x\register_transform_x.h">
      <Filter>ofec_src\instance\problem\continuous\free_peaks\subproblem\transform\transform_x</Filter>
    </ClInclude>
    <ClInclude Include="..\..\Sourcecode\freepeak_ofec\instance\problem\continuous\free_peaks\subproblem\transform\transform_x\transform_x_base.h">
      <Filter>ofec_src\instance\problem\continuous\free_peaks\subproblem\transform\transform_x</Filter>
    </ClInclude>
    <ClInclude Include="..\..\Sourcecode\freepeak_ofec\instance\problem\continuous\free_peaks\subproblem\transform\transform_y\map_objective.h">
      <Filter>ofec_src\instance\problem\continuous\free_peaks\subproblem\transform\transform_y</Filter>
    </ClInclude>
    <ClInclude Include="..\..\Sourcecode\freepeak_ofec\instance\problem\continuous\free_peaks\subproblem\transform\transform_y\register_transform_y.h">
      <Filter>ofec_src\instance\problem\continuous\free_peaks\subproblem\transform\transform_y</Filter>
    </ClInclude>
    <ClInclude Include="..\..\Sourcecode\freepeak_ofec\instance\problem\continuous\free_peaks\subproblem\transform\transform_y\transform_y_base.h">
      <Filter>ofec_src\instance\problem\continuous\free_peaks\subproblem\transform\transform_y</Filter>
    </ClInclude>
    <ClInclude Include="..\..\Sourcecode\freepeak_ofec\run\mpmcoea_solver.hpp">
      <Filter>ofec_src\run</Filter>
    </ClInclude>
    <ClInclude Include="..\..\Sourcecode\freepeak_ofec\instance\problem\continuous\free_peaks\subproblem\transform\transform_x\map_x_partybias.h">
      <Filter>ofec_src\instance\problem\continuous\free_peaks\subproblem\transform\transform_x</Filter>
    </ClInclude>
    <ClInclude Include="..\..\Sourcecode\freepeak_ofec\instance\problem\continuous\free_peaks\type.h">
      <Filter>ofec_src\instance\problem\continuous</Filter>
    </ClInclude>
    <ClInclude Include="..\..\Sourcecode\freepeak_ofec\instance\problem\continuous\free_peaks\subproblem\transform\transform_x\map_x_linkage.h">
      <Filter>ofec_src\instance\problem\continuous\free_peaks\subproblem\transform\transform_x</Filter>
    </ClInclude>
    <ClInclude Include="..\..\Sourcecode\freepeak_ofec\instance\problem\continuous\free_peaks\subproblem\transform\transform_x\map_x_deceptive.h">
      <Filter>ofec_src\instance\problem\continuous\free_peaks\subproblem\transform\transform_x</Filter>
    </ClInclude>
  </ItemGroup>
  <ItemGroup>
    <ClCompile Include="..\..\Sourcecode\freepeak_ofec\core\global.cpp">
      <Filter>ofec_src\core</Filter>
    </ClCompile>
    <ClCompile Include="..\..\Sourcecode\freepeak_ofec\core\instance.cpp">
      <Filter>ofec_src\core</Filter>
    </ClCompile>
    <ClCompile Include="..\..\Sourcecode\freepeak_ofec\core\algorithm\algorithm.cpp">
      <Filter>ofec_src\core\algorithm</Filter>
    </ClCompile>
    <ClCompile Include="..\..\Sourcecode\freepeak_ofec\core\algorithm\termination.cpp">
      <Filter>ofec_src\core\algorithm</Filter>
    </ClCompile>
    <ClCompile Include="..\..\Sourcecode\freepeak_ofec\core\environment\environment.cpp">
      <Filter>ofec_src\core\environment</Filter>
    </ClCompile>
    <ClCompile Include="..\..\Sourcecode\freepeak_ofec\core\parameter\input_parameter_map.cpp">
      <Filter>ofec_src\core\parameter</Filter>
    </ClCompile>
    <ClCompile Include="..\..\Sourcecode\freepeak_ofec\core\parameter\parameter_map.cpp">
      <Filter>ofec_src\core\parameter</Filter>
    </ClCompile>
    <ClCompile Include="..\..\Sourcecode\freepeak_ofec\core\parameter\parameter_variant.cpp">
      <Filter>ofec_src\core\parameter</Filter>
    </ClCompile>
    <ClCompile Include="..\..\Sourcecode\freepeak_ofec\core\parameter\variants_to_stream.cpp">
      <Filter>ofec_src\core\parameter</Filter>
    </ClCompile>
    <ClCompile Include="..\..\Sourcecode\freepeak_ofec\core\problem\optima.cpp">
      <Filter>ofec_src\core\problem</Filter>
    </ClCompile>
    <ClCompile Include="..\..\Sourcecode\freepeak_ofec\core\problem\problem.cpp">
      <Filter>ofec_src\core\problem</Filter>
    </ClCompile>
    <ClCompile Include="..\..\Sourcecode\freepeak_ofec\core\problem\solution.cpp">
      <Filter>ofec_src\core\problem</Filter>
    </ClCompile>
    <ClCompile Include="..\..\Sourcecode\freepeak_ofec\core\problem\continuous\continuous.cpp">
      <Filter>ofec_src\core\problem\continuous</Filter>
    </ClCompile>
    <ClCompile Include="..\..\Sourcecode\freepeak_ofec\core\random\extreal.cpp">
      <Filter>ofec_src\core\random</Filter>
    </ClCompile>
    <ClCompile Include="..\..\Sourcecode\freepeak_ofec\core\random\newran.cpp">
      <Filter>ofec_src\core\random</Filter>
    </ClCompile>
    <ClCompile Include="..\..\Sourcecode\freepeak_ofec\instance\problem\continuous\init_pop_bounded.cpp">
      <Filter>ofec_src\instance\problem\continuous</Filter>
    </ClCompile>
    <ClCompile Include="..\..\Sourcecode\freepeak_ofec\instance\problem\continuous\free_peaks\free_peaks.cpp">
      <Filter>ofec_src\instance\problem\continuous\free_peaks</Filter>
    </ClCompile>
    <ClCompile Include="..\..\Sourcecode\freepeak_ofec\instance\problem\continuous\free_peaks\free_peaks_init_pop_bound.cpp">
      <Filter>ofec_src\instance\problem\continuous\free_peaks</Filter>
    </ClCompile>
    <ClCompile Include="..\..\Sourcecode\freepeak_ofec\instance\problem\continuous\free_peaks\free_peaks_init_pop_imbalance.cpp">
      <Filter>ofec_src\instance\problem\continuous\free_peaks</Filter>
    </ClCompile>
    <ClCompile Include="..\..\Sourcecode\freepeak_ofec\instance\problem\continuous\free_peaks\param_creator.cpp">
      <Filter>ofec_src\instance\problem\continuous\free_peaks</Filter>
    </ClCompile>
    <ClCompile Include="..\..\Sourcecode\freepeak_ofec\instance\problem\continuous\free_peaks\subspace_kdtree.cpp">
      <Filter>ofec_src\instance\problem\continuous\free_peaks</Filter>
    </ClCompile>
    <ClCompile Include="..\..\Sourcecode\freepeak_ofec\instance\problem\continuous\free_peaks\subproblem\subproblem.cpp">
      <Filter>ofec_src\instance\problem\continuous\free_peaks\subproblem</Filter>
    </ClCompile>
    <ClCompile Include="..\..\Sourcecode\freepeak_ofec\instance\problem\continuous\free_peaks\subproblem\constraint\constraint_base.cpp">
      <Filter>ofec_src\instance\problem\continuous\free_peaks\subproblem\constraint</Filter>
    </ClCompile>
    <ClCompile Include="..\..\Sourcecode\freepeak_ofec\instance\problem\continuous\free_peaks\subproblem\constraint\register_constraint.cpp">
      <Filter>ofec_src\instance\problem\continuous\free_peaks\subproblem\constraint</Filter>
    </ClCompile>
    <ClCompile Include="..\..\Sourcecode\freepeak_ofec\instance\problem\continuous\free_peaks\subproblem\distance\distance_base.cpp">
      <Filter>ofec_src\instance\problem\continuous\free_peaks\subproblem\distance</Filter>
    </ClCompile>
    <ClCompile Include="..\..\Sourcecode\freepeak_ofec\instance\problem\continuous\free_peaks\subproblem\distance\euclidean_distance.cpp">
      <Filter>ofec_src\instance\problem\continuous\free_peaks\subproblem\distance</Filter>
    </ClCompile>
    <ClCompile Include="..\..\Sourcecode\freepeak_ofec\instance\problem\continuous\free_peaks\subproblem\distance\flat_border.cpp">
      <Filter>ofec_src\instance\problem\continuous\free_peaks\subproblem\distance</Filter>
    </ClCompile>
    <ClCompile Include="..\..\Sourcecode\freepeak_ofec\instance\problem\continuous\free_peaks\subproblem\distance\register_distance.cpp">
      <Filter>ofec_src\instance\problem\continuous\free_peaks\subproblem\distance</Filter>
    </ClCompile>
    <ClCompile Include="..\..\Sourcecode\freepeak_ofec\instance\problem\continuous\free_peaks\subproblem\transform\transform_base.cpp">
      <Filter>ofec_src\instance\problem\continuous\free_peaks\subproblem\transform</Filter>
    </ClCompile>
    <ClCompile Include="..\..\Sourcecode\freepeak_ofec\instance\problem\continuous\free_peaks\subproblem\function\function_base.cpp">
      <Filter>ofec_src\instance\problem\continuous\free_peaks\subproblem\function</Filter>
    </ClCompile>
    <ClCompile Include="..\..\Sourcecode\freepeak_ofec\instance\problem\continuous\free_peaks\subproblem\function\one_peak_function.cpp">
      <Filter>ofec_src\instance\problem\continuous\free_peaks\subproblem\function</Filter>
    </ClCompile>
    <ClCompile Include="..\..\Sourcecode\freepeak_ofec\instance\problem\continuous\free_peaks\subproblem\function\register_function.cpp">
      <Filter>ofec_src\instance\problem\continuous\free_peaks\subproblem\function</Filter>
    </ClCompile>
    <ClCompile Include="..\..\Sourcecode\freepeak_ofec\instance\problem\continuous\free_peaks\subproblem\function\one_peak\one_peak_base.cpp">
      <Filter>ofec_src\instance\problem\continuous\free_peaks\subproblem\function\one_peak</Filter>
    </ClCompile>
    <ClCompile Include="..\..\Sourcecode\freepeak_ofec\instance\problem\continuous\free_peaks\subproblem\function\one_peak\one_peak_s1.cpp">
      <Filter>ofec_src\instance\problem\continuous\free_peaks\subproblem\function\one_peak</Filter>
    </ClCompile>
    <ClCompile Include="..\..\Sourcecode\freepeak_ofec\instance\problem\continuous\free_peaks\subproblem\function\one_peak\one_peak_s2.cpp">
      <Filter>ofec_src\instance\problem\continuous\free_peaks\subproblem\function\one_peak</Filter>
    </ClCompile>
    <ClCompile Include="..\..\Sourcecode\freepeak_ofec\instance\problem\continuous\free_peaks\subproblem\function\one_peak\one_peak_s3.cpp">
      <Filter>ofec_src\instance\problem\continuous\free_peaks\subproblem\function\one_peak</Filter>
    </ClCompile>
    <ClCompile Include="..\..\Sourcecode\freepeak_ofec\instance\problem\continuous\free_peaks\subproblem\function\one_peak\one_peak_s4.cpp">
      <Filter>ofec_src\instance\problem\continuous\free_peaks\subproblem\function\one_peak</Filter>
    </ClCompile>
    <ClCompile Include="..\..\Sourcecode\freepeak_ofec\instance\problem\continuous\free_peaks\subproblem\function\one_peak\one_peak_s5.cpp">
      <Filter>ofec_src\instance\problem\continuous\free_peaks\subproblem\function\one_peak</Filter>
    </ClCompile>
    <ClCompile Include="..\..\Sourcecode\freepeak_ofec\instance\problem\continuous\free_peaks\subproblem\function\one_peak\one_peak_s6.cpp">
      <Filter>ofec_src\instance\problem\continuous\free_peaks\subproblem\function\one_peak</Filter>
    </ClCompile>
    <ClCompile Include="..\..\Sourcecode\freepeak_ofec\instance\problem\continuous\free_peaks\subproblem\function\one_peak\one_peak_s7.cpp">
      <Filter>ofec_src\instance\problem\continuous\free_peaks\subproblem\function\one_peak</Filter>
    </ClCompile>
    <ClCompile Include="..\..\Sourcecode\freepeak_ofec\instance\problem\continuous\free_peaks\subproblem\function\one_peak\one_peak_s8.cpp">
      <Filter>ofec_src\instance\problem\continuous\free_peaks\subproblem\function\one_peak</Filter>
    </ClCompile>
    <ClCompile Include="..\..\Sourcecode\freepeak_ofec\instance\problem\continuous\free_peaks\subproblem\function\one_peak\one_peak_s9.cpp">
      <Filter>ofec_src\instance\problem\continuous\free_peaks\subproblem\function\one_peak</Filter>
    </ClCompile>
    <ClCompile Include="..\..\Sourcecode\freepeak_ofec\instance\problem\continuous\free_peaks\subproblem\function\one_peak\one_peak_s10.cpp">
      <Filter>ofec_src\instance\problem\continuous\free_peaks\subproblem\function\one_peak</Filter>
    </ClCompile>
    <ClCompile Include="..\..\Sourcecode\freepeak_ofec\instance\problem\continuous\free_peaks\subproblem\function\one_peak\register_one_peak.cpp">
      <Filter>ofec_src\instance\problem\continuous\free_peaks\subproblem\function\one_peak</Filter>
    </ClCompile>
    <ClCompile Include="..\..\Sourcecode\freepeak_ofec\run\interface.cpp">
      <Filter>ofec_src\run</Filter>
    </ClCompile>
    <ClCompile Include="..\..\Sourcecode\freepeak_ofec\run\register_instance.cpp">
      <Filter>ofec_src\run</Filter>
    </ClCompile>
    <ClCompile Include="..\..\Sourcecode\freepeak_ofec\utility\functional.cpp">
      <Filter>ofec_src\utility</Filter>
    </ClCompile>
    <ClCompile Include="..\..\Sourcecode\freepeak_ofec\utility\linear_algebra\matrix.cpp">
      <Filter>ofec_src\utility\linear_algebra</Filter>
    </ClCompile>
    <ClCompile Include="..\..\Sourcecode\freepeak_ofec\utility\linear_algebra\vector.cpp">
      <Filter>ofec_src\utility\linear_algebra</Filter>
    </ClCompile>
    <ClCompile Include="..\..\Sourcecode\freepeak_ofec\instance\problem\continuous\free_peaks\subproblem\change\change_base.cpp">
      <Filter>ofec_src\instance\problem\continuous\free_peaks\subproblem\change</Filter>
    </ClCompile>
    <ClCompile Include="..\..\Sourcecode\freepeak_ofec\instance\problem\continuous\free_peaks\subproblem\transform\transform_x\map_x_assymetrix.cpp">
      <Filter>ofec_src\instance\problem\continuous\free_peaks\subproblem\transform\transform_x</Filter>
    </ClCompile>
    <ClCompile Include="..\..\Sourcecode\freepeak_ofec\instance\problem\continuous\free_peaks\subproblem\transform\transform_x\map_x_base.cpp">
      <Filter>ofec_src\instance\problem\continuous\free_peaks\subproblem\transform\transform_x</Filter>
    </ClCompile>
    <ClCompile Include="..\..\Sourcecode\freepeak_ofec\instance\problem\continuous\free_peaks\subproblem\transform\transform_x\map_x_ill_conditioning.cpp">
      <Filter>ofec_src\instance\problem\continuous\free_peaks\subproblem\transform\transform_x</Filter>
    </ClCompile>
    <ClCompile Include="..\..\Sourcecode\freepeak_ofec\instance\problem\continuous\free_peaks\subproblem\transform\transform_x\map_x_irregularities.cpp">
      <Filter>ofec_src\instance\problem\continuous\free_peaks\subproblem\transform\transform_x</Filter>
    </ClCompile>
    <ClCompile Include="..\..\Sourcecode\freepeak_ofec\instance\problem\continuous\free_peaks\subproblem\transform\transform_x\register_transform_x.cpp">
      <Filter>ofec_src\instance\problem\continuous\free_peaks\subproblem\transform\transform_x</Filter>
    </ClCompile>
    <ClCompile Include="..\..\Sourcecode\freepeak_ofec\instance\problem\continuous\free_peaks\subproblem\transform\transform_y\map_objective.cpp">
      <Filter>ofec_src\instance\problem\continuous\free_peaks\subproblem\transform\transform_y</Filter>
    </ClCompile>
    <ClCompile Include="..\..\Sourcecode\freepeak_ofec\instance\problem\continuous\free_peaks\subproblem\transform\transform_y\register_transform_y.cpp">
      <Filter>ofec_src\instance\problem\continuous\free_peaks\subproblem\transform\transform_y</Filter>
    </ClCompile>
    <ClCompile Include="..\..\Sourcecode\freepeak_ofec\run\main_solver.cpp">
      <Filter>ofec_src\run</Filter>
    </ClCompile>
    <ClCompile Include="..\..\Sourcecode\freepeak_ofec\instance\problem\continuous\free_peaks\subproblem\transform\transform_x\map_x_partybias.cpp">
      <Filter>ofec_src\instance\problem\continuous\free_peaks\subproblem\transform\transform_x</Filter>
    </ClCompile>
    <ClCompile Include="..\..\Sourcecode\freepeak_ofec\instance\problem\continuous\free_peaks\subproblem\transform\transform_x\map_x_deceptive.cpp">
      <Filter>ofec_src\instance\problem\continuous\free_peaks\subproblem\transform\transform_x</Filter>
    </ClCompile>
    <ClCompile Include="..\..\Sourcecode\freepeak_ofec\instance\problem\continuous\free_peaks\subproblem\transform\transform_x\map_x_linkage.cpp">
      <Filter>ofec_src\instance\problem\continuous\free_peaks\subproblem\transform\transform_x</Filter>
    </ClCompile>
  </ItemGroup>
  <ItemGroup>
    <ResourceCompile Include="FreePeaks_Benchmark.rc">
      <Filter>Resource Files</Filter>
    </ResourceCompile>
  </ItemGroup>
</Project>